
Microsoft Visual Studio Solution File, Format Version 12.00
Project("{FAE04EC0-301F-11D3-BF4B-00C04F79EFBC}") = "SampleForOOP", "SampleForOOP\SampleForOOP.csproj", "{9E3E208E-82BF-429D-9FCE-9087877E60DB}"
EndProject
Project("{FAE04EC0-301F-11D3-BF4B-00C04F79EFBC}") = "SampleForValueTypeReferenceType", "SampleForValueTypeReferenceType\SampleForValueTypeReferenceType.csproj", "{6D37F955-A7A4-4AC2-9957-D45D944A002D}"
EndProject
Project("{FAE04EC0-301F-11D3-BF4B-00C04F79EFBC}") = "SampleForEquals", "SampleForEquals\SampleForEquals.csproj", "{E34A4E9D-450C-4694-9BE4-31F179303707}"
EndProject
Project("{FAE04EC0-301F-11D3-BF4B-00C04F79EFBC}") = "BankKlients", "BankKlients\BankKlients.csproj", "{7909A6E0-F862-4C0A-832C-55622E5BFCEF}"
EndProject
Project("{FAE04EC0-301F-11D3-BF4B-00C04F79EFBC}") = "SampleForDictionary", "SampleForDictionary\SampleForDictionary.csproj", "{F15BC226-2D3A-4F73-AACA-7880B2DA0975}"
EndProject
Project("{FAE04EC0-301F-11D3-BF4B-00C04F79EFBC}") = "SampleForGenericType", "SampleForGenericType\SampleForGenericType.csproj", "{183678F6-65AC-44C8-8042-7371CE2A88F2}"
EndProject
Project("{FAE04EC0-301F-11D3-BF4B-00C04F79EFBC}") = "SampleForDelegate", "SampleForDelegate\SampleForDelegate.csproj", "{01589019-72AD-48E6-A576-B5776451727E}"
EndProject
Project("{FAE04EC0-301F-11D3-BF4B-00C04F79EFBC}") = "SampleForFileStream", "SampleForFileStream\SampleForFileStream.csproj", "{A3F4EAAC-B339-4CE6-A1E1-F6A0463B3304}"
EndProject
Project("{FAE04EC0-301F-11D3-BF4B-00C04F79EFBC}") = "SampleForSerialization", "SampleForSerialization\SampleForSerialization.csproj", "{F8CFAE2F-40F2-470C-9325-4B93D1A957C0}"
EndProject
Project("{FAE04EC0-301F-11D3-BF4B-00C04F79EFBC}") = "SampleForReflection", "SampleForReflection\SampleForReflection.csproj", "{85D0BBAB-041F-4955-9F4C-62312E943B99}"
EndProject
Project("{FAE04EC0-301F-11D3-BF4B-00C04F79EFBC}") = "SampleForUnitTests", "SampleForUnitTests\SampleForUnitTests.csproj", "{A31D13E1-6452-4EC9-8B3A-A44FFAAD2883}"
EndProject
Project("{FAE04EC0-301F-11D3-BF4B-00C04F79EFBC}") = "SampleForUnitTests.Tests", "SampleForUnitTests.Tests\SampleForUnitTests.Tests.csproj", "{99D3C08B-FD29-4FAC-BABC-13D09768C631}"
EndProject
Project("{FAE04EC0-301F-11D3-BF4B-00C04F79EFBC}") = "SampleForHttp", "SampleForHttp\SampleForHttp.csproj", "{90E3E0BB-DD82-490F-B705-37D1E39A0568}"
EndProject
Global
	GlobalSection(SolutionConfigurationPlatforms) = preSolution
		Debug|Any CPU = Debug|Any CPU
		Release|Any CPU = Release|Any CPU
	EndGlobalSection
	GlobalSection(ProjectConfigurationPlatforms) = postSolution
		{9E3E208E-82BF-429D-9FCE-9087877E60DB}.Debug|Any CPU.ActiveCfg = Debug|Any CPU
		{9E3E208E-82BF-429D-9FCE-9087877E60DB}.Debug|Any CPU.Build.0 = Debug|Any CPU
		{9E3E208E-82BF-429D-9FCE-9087877E60DB}.Release|Any CPU.ActiveCfg = Release|Any CPU
		{9E3E208E-82BF-429D-9FCE-9087877E60DB}.Release|Any CPU.Build.0 = Release|Any CPU
		{6D37F955-A7A4-4AC2-9957-D45D944A002D}.Debug|Any CPU.ActiveCfg = Debug|Any CPU
		{6D37F955-A7A4-4AC2-9957-D45D944A002D}.Debug|Any CPU.Build.0 = Debug|Any CPU
		{6D37F955-A7A4-4AC2-9957-D45D944A002D}.Release|Any CPU.ActiveCfg = Release|Any CPU
		{6D37F955-A7A4-4AC2-9957-D45D944A002D}.Release|Any CPU.Build.0 = Release|Any CPU
		{E34A4E9D-450C-4694-9BE4-31F179303707}.Debug|Any CPU.ActiveCfg = Debug|Any CPU
		{E34A4E9D-450C-4694-9BE4-31F179303707}.Debug|Any CPU.Build.0 = Debug|Any CPU
		{E34A4E9D-450C-4694-9BE4-31F179303707}.Release|Any CPU.ActiveCfg = Release|Any CPU
		{E34A4E9D-450C-4694-9BE4-31F179303707}.Release|Any CPU.Build.0 = Release|Any CPU
		{7909A6E0-F862-4C0A-832C-55622E5BFCEF}.Debug|Any CPU.ActiveCfg = Debug|Any CPU
		{7909A6E0-F862-4C0A-832C-55622E5BFCEF}.Debug|Any CPU.Build.0 = Debug|Any CPU
		{7909A6E0-F862-4C0A-832C-55622E5BFCEF}.Release|Any CPU.ActiveCfg = Release|Any CPU
		{7909A6E0-F862-4C0A-832C-55622E5BFCEF}.Release|Any CPU.Build.0 = Release|Any CPU
		{F15BC226-2D3A-4F73-AACA-7880B2DA0975}.Debug|Any CPU.ActiveCfg = Debug|Any CPU
		{F15BC226-2D3A-4F73-AACA-7880B2DA0975}.Debug|Any CPU.Build.0 = Debug|Any CPU
		{F15BC226-2D3A-4F73-AACA-7880B2DA0975}.Release|Any CPU.ActiveCfg = Release|Any CPU
		{F15BC226-2D3A-4F73-AACA-7880B2DA0975}.Release|Any CPU.Build.0 = Release|Any CPU
		{183678F6-65AC-44C8-8042-7371CE2A88F2}.Debug|Any CPU.ActiveCfg = Debug|Any CPU
		{183678F6-65AC-44C8-8042-7371CE2A88F2}.Debug|Any CPU.Build.0 = Debug|Any CPU
		{183678F6-65AC-44C8-8042-7371CE2A88F2}.Release|Any CPU.ActiveCfg = Release|Any CPU
		{183678F6-65AC-44C8-8042-7371CE2A88F2}.Release|Any CPU.Build.0 = Release|Any CPU
		{01589019-72AD-48E6-A576-B5776451727E}.Debug|Any CPU.ActiveCfg = Debug|Any CPU
		{01589019-72AD-48E6-A576-B5776451727E}.Debug|Any CPU.Build.0 = Debug|Any CPU
		{01589019-72AD-48E6-A576-B5776451727E}.Release|Any CPU.ActiveCfg = Release|Any CPU
		{01589019-72AD-48E6-A576-B5776451727E}.Release|Any CPU.Build.0 = Release|Any CPU
		{A3F4EAAC-B339-4CE6-A1E1-F6A0463B3304}.Debug|Any CPU.ActiveCfg = Debug|Any CPU
		{A3F4EAAC-B339-4CE6-A1E1-F6A0463B3304}.Debug|Any CPU.Build.0 = Debug|Any CPU
		{A3F4EAAC-B339-4CE6-A1E1-F6A0463B3304}.Release|Any CPU.ActiveCfg = Release|Any CPU
		{A3F4EAAC-B339-4CE6-A1E1-F6A0463B3304}.Release|Any CPU.Build.0 = Release|Any CPU
		{F8CFAE2F-40F2-470C-9325-4B93D1A957C0}.Debug|Any CPU.ActiveCfg = Debug|Any CPU
		{F8CFAE2F-40F2-470C-9325-4B93D1A957C0}.Debug|Any CPU.Build.0 = Debug|Any CPU
		{F8CFAE2F-40F2-470C-9325-4B93D1A957C0}.Release|Any CPU.ActiveCfg = Release|Any CPU
		{F8CFAE2F-40F2-470C-9325-4B93D1A957C0}.Release|Any CPU.Build.0 = Release|Any CPU
		{85D0BBAB-041F-4955-9F4C-62312E943B99}.Debug|Any CPU.ActiveCfg = Debug|Any CPU
		{85D0BBAB-041F-4955-9F4C-62312E943B99}.Debug|Any CPU.Build.0 = Debug|Any CPU
		{85D0BBAB-041F-4955-9F4C-62312E943B99}.Release|Any CPU.ActiveCfg = Release|Any CPU
		{85D0BBAB-041F-4955-9F4C-62312E943B99}.Release|Any CPU.Build.0 = Release|Any CPU
		{A31D13E1-6452-4EC9-8B3A-A44FFAAD2883}.Debug|Any CPU.ActiveCfg = Debug|Any CPU
		{A31D13E1-6452-4EC9-8B3A-A44FFAAD2883}.Debug|Any CPU.Build.0 = Debug|Any CPU
		{A31D13E1-6452-4EC9-8B3A-A44FFAAD2883}.Release|Any CPU.ActiveCfg = Release|Any CPU
		{A31D13E1-6452-4EC9-8B3A-A44FFAAD2883}.Release|Any CPU.Build.0 = Release|Any CPU
		{99D3C08B-FD29-4FAC-BABC-13D09768C631}.Debug|Any CPU.ActiveCfg = Debug|Any CPU
		{99D3C08B-FD29-4FAC-BABC-13D09768C631}.Debug|Any CPU.Build.0 = Debug|Any CPU
		{99D3C08B-FD29-4FAC-BABC-13D09768C631}.Release|Any CPU.ActiveCfg = Release|Any CPU
		{99D3C08B-FD29-4FAC-BABC-13D09768C631}.Release|Any CPU.Build.0 = Release|Any CPU
		{90E3E0BB-DD82-490F-B705-37D1E39A0568}.Debug|Any CPU.ActiveCfg = Debug|Any CPU
		{90E3E0BB-DD82-490F-B705-37D1E39A0568}.Debug|Any CPU.Build.0 = Debug|Any CPU
		{90E3E0BB-DD82-490F-B705-37D1E39A0568}.Release|Any CPU.ActiveCfg = Release|Any CPU
		{90E3E0BB-DD82-490F-B705-37D1E39A0568}.Release|Any CPU.Build.0 = Release|Any CPU
	EndGlobalSection
EndGlobal
